
Microsoft Visual Studio Solution File, Format Version 12.00
# Visual Studio 2013
VisualStudioVersion = 12.0.31101.0
MinimumVisualStudioVersion = 10.0.40219.1
Project("{2150E333-8FDC-42A3-9474-1A3956D46DE8}") = "Engine", "Engine", "{2C141FF9-2773-4C51-B759-83F70D5C0C38}"
EndProject
Project("{2150E333-8FDC-42A3-9474-1A3956D46DE8}") = "Games", "Games", "{ED7DF264-586E-449A-B758-801CE10A4C32}"
EndProject
Project("{8BC9CEB8-8B4A-11D0-8D11-00A0C91BC942}") = "TowardsTheLight", "Intermediate\ProjectFiles\TowardsTheLight.vcxproj", "{F09A3CF9-7CC2-4384-B204-7537709426F8}"
EndProject
Project("{8BC9CEB8-8B4A-11D0-8D11-00A0C91BC942}") = "UE4", "Intermediate\ProjectFiles\UE4.vcxproj", "{5A69CCE4-CF74-4475-9762-E338F49A6DD5}"
EndProject
Global
	GlobalSection(SolutionConfigurationPlatforms) = preSolution
		DebugGame Editor|Windows = DebugGame Editor|Windows
		DebugGame|Windows = DebugGame|Windows
		Development Editor|Windows = Development Editor|Windows
		Development|Windows = Development|Windows
		Shipping|Windows = Shipping|Windows
	EndGlobalSection
	GlobalSection(ProjectConfigurationPlatforms) = postSolution
		{F09A3CF9-7CC2-4384-B204-7537709426F8}.DebugGame Editor|Windows.ActiveCfg = DebugGame_Editor|x64
		{F09A3CF9-7CC2-4384-B204-7537709426F8}.DebugGame Editor|Windows.Build.0 = DebugGame_Editor|x64
		{F09A3CF9-7CC2-4384-B204-7537709426F8}.DebugGame|Windows.ActiveCfg = DebugGame_Game|x64
		{F09A3CF9-7CC2-4384-B204-7537709426F8}.DebugGame|Windows.Build.0 = DebugGame_Game|x64
		{F09A3CF9-7CC2-4384-B204-7537709426F8}.Development Editor|Windows.ActiveCfg = Development_Editor|x64
		{F09A3CF9-7CC2-4384-B204-7537709426F8}.Development Editor|Windows.Build.0 = Development_Editor|x64
		{F09A3CF9-7CC2-4384-B204-7537709426F8}.Development|Windows.ActiveCfg = Development_Game|x64
		{F09A3CF9-7CC2-4384-B204-7537709426F8}.Development|Windows.Build.0 = Development_Game|x64
		{F09A3CF9-7CC2-4384-B204-7537709426F8}.Shipping|Windows.ActiveCfg = Shipping_Game|Win32
		{F09A3CF9-7CC2-4384-B204-7537709426F8}.Shipping|Windows.Build.0 = Shipping_Game|Win32
		{5A69CCE4-CF74-4475-9762-E338F49A6DD5}.DebugGame Editor|Windows.ActiveCfg = BuiltWithUnrealBuildTool|Win32
		{5A69CCE4-CF74-4475-9762-E338F49A6DD5}.DebugGame|Windows.ActiveCfg = BuiltWithUnrealBuildTool|Win32
		{5A69CCE4-CF74-4475-9762-E338F49A6DD5}.Development Editor|Windows.ActiveCfg = BuiltWithUnrealBuildTool|Win32
		{5A69CCE4-CF74-4475-9762-E338F49A6DD5}.Development|Windows.ActiveCfg = BuiltWithUnrealBuildTool|Win32
		{5A69CCE4-CF74-4475-9762-E338F49A6DD5}.Shipping|Windows.ActiveCfg = BuiltWithUnrealBuildTool|Win32
	EndGlobalSection
	GlobalSection(SolutionProperties) = preSolution
		HideSolutionNode = FALSE
	EndGlobalSection
	GlobalSection(NestedProjects) = preSolution
		{F09A3CF9-7CC2-4384-B204-7537709426F8} = {ED7DF264-586E-449A-B758-801CE10A4C32}
		{5A69CCE4-CF74-4475-9762-E338F49A6DD5} = {2C141FF9-2773-4C51-B759-83F70D5C0C38}
	EndGlobalSection
EndGlobal
